
Microsoft Visual Studio Solution File, Format Version 12.00
# Visual Studio Version 16
VisualStudioVersion = 16.0.29001.49
MinimumVisualStudioVersion = 10.0.40219.1
Project("{9A19103F-16F7-4668-BE54-9A1E7A4F7556}") = "TetrisCore", "TetrisCore\TetrisCore.csproj", "{683283D8-7E49-44D0-B197-786E7D088C58}"
EndProject
Project("{9A19103F-16F7-4668-BE54-9A1E7A4F7556}") = "TetrisAI", "TetrisAI\TetrisAI.csproj", "{6ACDC87B-8A6D-4E28-96FA-0C76097E5B03}"
EndProject
Project("{9A19103F-16F7-4668-BE54-9A1E7A4F7556}") = "TetrisAI-Trainer", "TetrisAI-Trainer\TetrisAI-Trainer.csproj", "{C1E51B98-E83E-4B68-8177-C6CDBACDF921}"
EndProject
Project("{2150E333-8FDC-42A3-9474-1A3956D46DE8}") = "AI", "AI", "{C3B7342B-F02C-43E1-96D2-2FE72729620E}"
EndProject
Project("{9A19103F-16F7-4668-BE54-9A1E7A4F7556}") = "TetrisPlayer", "TetrisPlayerForms\TetrisPlayer.csproj", "{A1E9DC36-9834-4D69-A68A-389A641C9F59}"
EndProject
Project("{2150E333-8FDC-42A3-9474-1A3956D46DE8}") = "Test", "Test", "{7D7C666F-40B6-49D6-9712-C203C21B94E8}"
EndProject
Project("{9A19103F-16F7-4668-BE54-9A1E7A4F7556}") = "TetrisTest", "TetrisTest\TetrisTest.csproj", "{841A0116-36AE-4AB5-9940-B6842012FEE8}"
EndProject
Project("{9A19103F-16F7-4668-BE54-9A1E7A4F7556}") = "TetrisDXControll", "TetrisDXControll\TetrisDXControll.csproj", "{60EA506F-D446-4FE3-AC66-5693B9A5C9B6}"
EndProject
Project("{9A19103F-16F7-4668-BE54-9A1E7A4F7556}") = "TetrisPlayerWPF", "TetrisPlayerWPF\TetrisPlayerWPF.csproj", "{6C1C134C-2D53-4CD0-8B78-767C0E3D8010}"
EndProject
Global
	GlobalSection(SolutionConfigurationPlatforms) = preSolution
		Debug|Any CPU = Debug|Any CPU
		Publish|Any CPU = Publish|Any CPU
		Release|Any CPU = Release|Any CPU
	EndGlobalSection
	GlobalSection(ProjectConfigurationPlatforms) = postSolution
		{683283D8-7E49-44D0-B197-786E7D088C58}.Debug|Any CPU.ActiveCfg = Debug|Any CPU
		{683283D8-7E49-44D0-B197-786E7D088C58}.Debug|Any CPU.Build.0 = Debug|Any CPU
		{683283D8-7E49-44D0-B197-786E7D088C58}.Publish|Any CPU.ActiveCfg = Publish|Any CPU
		{683283D8-7E49-44D0-B197-786E7D088C58}.Publish|Any CPU.Build.0 = Publish|Any CPU
		{683283D8-7E49-44D0-B197-786E7D088C58}.Release|Any CPU.ActiveCfg = Release|Any CPU
		{683283D8-7E49-44D0-B197-786E7D088C58}.Release|Any CPU.Build.0 = Release|Any CPU
		{6ACDC87B-8A6D-4E28-96FA-0C76097E5B03}.Debug|Any CPU.ActiveCfg = Debug|Any CPU
		{6ACDC87B-8A6D-4E28-96FA-0C76097E5B03}.Debug|Any CPU.Build.0 = Debug|Any CPU
		{6ACDC87B-8A6D-4E28-96FA-0C76097E5B03}.Publish|Any CPU.ActiveCfg = Release|Any CPU
		{6ACDC87B-8A6D-4E28-96FA-0C76097E5B03}.Publish|Any CPU.Build.0 = Release|Any CPU
		{6ACDC87B-8A6D-4E28-96FA-0C76097E5B03}.Release|Any CPU.ActiveCfg = Release|Any CPU
		{6ACDC87B-8A6D-4E28-96FA-0C76097E5B03}.Release|Any CPU.Build.0 = Release|Any CPU
		{C1E51B98-E83E-4B68-8177-C6CDBACDF921}.Debug|Any CPU.ActiveCfg = Debug|Any CPU
		{C1E51B98-E83E-4B68-8177-C6CDBACDF921}.Debug|Any CPU.Build.0 = Debug|Any CPU
		{C1E51B98-E83E-4B68-8177-C6CDBACDF921}.Publish|Any CPU.ActiveCfg = Release|Any CPU
		{C1E51B98-E83E-4B68-8177-C6CDBACDF921}.Publish|Any CPU.Build.0 = Release|Any CPU
		{C1E51B98-E83E-4B68-8177-C6CDBACDF921}.Release|Any CPU.ActiveCfg = Release|Any CPU
		{C1E51B98-E83E-4B68-8177-C6CDBACDF921}.Release|Any CPU.Build.0 = Release|Any CPU
		{A1E9DC36-9834-4D69-A68A-389A641C9F59}.Debug|Any CPU.ActiveCfg = Debug|Any CPU
		{A1E9DC36-9834-4D69-A68A-389A641C9F59}.Debug|Any CPU.Build.0 = Debug|Any CPU
		{A1E9DC36-9834-4D69-A68A-389A641C9F59}.Publish|Any CPU.ActiveCfg = Release|Any CPU
		{A1E9DC36-9834-4D69-A68A-389A641C9F59}.Publish|Any CPU.Build.0 = Release|Any CPU
		{A1E9DC36-9834-4D69-A68A-389A641C9F59}.Release|Any CPU.ActiveCfg = Release|Any CPU
		{A1E9DC36-9834-4D69-A68A-389A641C9F59}.Release|Any CPU.Build.0 = Release|Any CPU
		{841A0116-36AE-4AB5-9940-B6842012FEE8}.Debug|Any CPU.ActiveCfg = Debug|Any CPU
		{841A0116-36AE-4AB5-9940-B6842012FEE8}.Debug|Any CPU.Build.0 = Debug|Any CPU
		{841A0116-36AE-4AB5-9940-B6842012FEE8}.Publish|Any CPU.ActiveCfg = Release|Any CPU
		{841A0116-36AE-4AB5-9940-B6842012FEE8}.Publish|Any CPU.Build.0 = Release|Any CPU
		{841A0116-36AE-4AB5-9940-B6842012FEE8}.Release|Any CPU.ActiveCfg = Release|Any CPU
		{841A0116-36AE-4AB5-9940-B6842012FEE8}.Release|Any CPU.Build.0 = Release|Any CPU
		{60EA506F-D446-4FE3-AC66-5693B9A5C9B6}.Debug|Any CPU.ActiveCfg = Debug|Any CPU
		{60EA506F-D446-4FE3-AC66-5693B9A5C9B6}.Debug|Any CPU.Build.0 = Debug|Any CPU
		{60EA506F-D446-4FE3-AC66-5693B9A5C9B6}.Publish|Any CPU.ActiveCfg = Release|Any CPU
		{60EA506F-D446-4FE3-AC66-5693B9A5C9B6}.Publish|Any CPU.Build.0 = Release|Any CPU
		{60EA506F-D446-4FE3-AC66-5693B9A5C9B6}.Release|Any CPU.ActiveCfg = Release|Any CPU
		{60EA506F-D446-4FE3-AC66-5693B9A5C9B6}.Release|Any CPU.Build.0 = Release|Any CPU
		{6C1C134C-2D53-4CD0-8B78-767C0E3D8010}.Debug|Any CPU.ActiveCfg = Debug|Any CPU
		{6C1C134C-2D53-4CD0-8B78-767C0E3D8010}.Debug|Any CPU.Build.0 = Debug|Any CPU
		{6C1C134C-2D53-4CD0-8B78-767C0E3D8010}.Publish|Any CPU.ActiveCfg = Release|Any CPU
		{6C1C134C-2D53-4CD0-8B78-767C0E3D8010}.Publish|Any CPU.Build.0 = Release|Any CPU
		{6C1C134C-2D53-4CD0-8B78-767C0E3D8010}.Release|Any CPU.ActiveCfg = Release|Any CPU
		{6C1C134C-2D53-4CD0-8B78-767C0E3D8010}.Release|Any CPU.Build.0 = Release|Any CPU
	EndGlobalSection
	GlobalSection(SolutionProperties) = preSolution
		HideSolutionNode = FALSE
	EndGlobalSection
	GlobalSection(NestedProjects) = preSolution
		{6ACDC87B-8A6D-4E28-96FA-0C76097E5B03} = {C3B7342B-F02C-43E1-96D2-2FE72729620E}
		{C1E51B98-E83E-4B68-8177-C6CDBACDF921} = {C3B7342B-F02C-43E1-96D2-2FE72729620E}
		{841A0116-36AE-4AB5-9940-B6842012FEE8} = {7D7C666F-40B6-49D6-9712-C203C21B94E8}
	EndGlobalSection
	GlobalSection(ExtensibilityGlobals) = postSolution
		SolutionGuid = {89D47088-EA9B-407D-A9FF-AB1620238740}
	EndGlobalSection
EndGlobal
